<?xml version="1.0" encoding="utf-8"?>
<Project ToolsVersion="4.0" xmlns="http://schemas.microsoft.com/developer/msbuild/2003">
  <ItemGroup>
    <Filter Include="Source Files">
      <UniqueIdentifier>{4FC737F1-C7A5-4376-A066-2A32D752A2FF}</UniqueIdentifier>
      <Extensions>cpp;c;cc;cxx;def;odl;idl;hpj;bat;asm;asmx</Extensions>
    </Filter>
    <Filter Include="Header Files">
      <UniqueIdentifier>{93995380-89BD-4b04-88EB-625FBE52EBFB}</UniqueIdentifier>
      <Extensions>h;hh;hpp;hxx;hm;inl;inc;xsd</Extensions>
    </Filter>
    <Filter Include="Resource Files">
      <UniqueIdentifier>{67DA6AB6-F800-4c08-8B7A-83BB121AAD01}</UniqueIdentifier>
      <Extensions>rc;ico;cur;bmp;dlg;rc2;rct;bin;rgs;gif;jpg;jpeg;jpe;resx;tiff;tif;png;wav</Extensions>
    </Filter>
    <Filter Include="libaribb24">
      <UniqueIdentifier>{50fc941f-aa66-41b7-b051-53c7914e7d63}</UniqueIdentifier>
    </Filter>
  </ItemGroup>
  <ItemGroup>
    <ClCompile Include="AACAudioDecoder.c">
      <Filter>Source Files</Filter>
    </ClCompile>
    <ClCompile Include="AC3AudioDecoder.c">
      <Filter>Source Files</Filter>
    </ClCompile>
    <ClCompile Include="archive.c">
      <Filter>Source Files</Filter>
    </ClCompile>
    <ClCompile Include="ATSC_huffman.c">
      <Filter>Source Files</Filter>
    </ClCompile>
    <ClCompile Include="bcdmux.c">
      <Filter>Source Files</Filter>
    </ClCompile>
    <ClCompile Include="CCDecoder.c">
      <Filter>Source Files</Filter>
    </ClCompile>
    <ClCompile Include="charting.c">
      <Filter>Source Files</Filter>
    </ClCompile>
    <ClCompile Include="CI-CAM.c">
      <Filter>Source Files</Filter>
    </ClCompile>
    <ClCompile Include="ControlServer.c">
      <Filter>Source Files</Filter>
    </ClCompile>
    <ClCompile Include="dn_huffman.c">
      <Filter>Source Files</Filter>
    </ClCompile>
    <ClCompile Include="EITServer.c">
      <Filter>Source Files</Filter>
    </ClCompile>
    <ClCompile Include="email.c">
      <Filter>Source Files</Filter>
    </ClCompile>
    <ClCompile Include="EPGGrid.c">
      <Filter>Source Files</Filter>
    </ClCompile>
    <ClCompile Include="export.c">
      <Filter>Source Files</Filter>
    </ClCompile>
    <ClCompile Include="formatter.c">
      <Filter>Source Files</Filter>
    </ClCompile>
    <ClCompile Include="Forwarder.c">
      <Filter>Source Files</Filter>
    </ClCompile>
    <ClCompile Include="GPSSignal.c">
      <Filter>Source Files</Filter>
    </ClCompile>
    <ClCompile Include="MDInterface.c">
      <Filter>Source Files</Filter>
    </ClCompile>
    <ClCompile Include="MDI\mdi.c">
      <Filter>Source Files</Filter>
    </ClCompile>
    <ClCompile Include="mosaic.c">
      <Filter>Source Files</Filter>
    </ClCompile>
    <ClCompile Include="MPEGAudio.c">
      <Filter>Source Files</Filter>
    </ClCompile>
    <ClCompile Include="parser.c">
      <Filter>Source Files</Filter>
    </ClCompile>
    <ClCompile Include="ProfileBrowser.c">
      <Filter>Source Files</Filter>
    </ClCompile>
    <ClCompile Include="reed-solomon.c">
      <Filter>Source Files</Filter>
    </ClCompile>
    <ClCompile Include="RokuTelnetInterface.c">
      <Filter>Source Files</Filter>
    </ClCompile>
    <ClCompile Include="settings.c">
      <Filter>Source Files</Filter>
    </ClCompile>
    <ClCompile Include="sky_epg.c">
      <Filter>Source Files</Filter>
    </ClCompile>
    <ClCompile Include="sky_huffman.c">
      <Filter>Source Files</Filter>
    </ClCompile>
    <ClCompile Include="SoftCSA.c">
      <Filter>Source Files</Filter>
    </ClCompile>
    <ClCompile Include="splash.c">
      <Filter>Source Files</Filter>
    </ClCompile>
    <ClCompile Include="StreamMonitor.c">
      <Filter>Source Files</Filter>
    </ClCompile>
    <ClCompile Include="stubs\isource_impl.c">
      <Filter>Source Files</Filter>
    </ClCompile>
    <ClCompile Include="TitleThumbnails.c">
      <Filter>Source Files</Filter>
    </ClCompile>
    <ClCompile Include="TSReader.c">
      <Filter>Source Files</Filter>
    </ClCompile>
    <ClCompile Include="util.c">
      <Filter>Source Files</Filter>
    </ClCompile>
    <ClCompile Include="decoder.c">
      <Filter>Source Files</Filter>
    </ClCompile>
    <ClCompile Include="libaribb24\aribb24.c">
      <Filter>libaribb24</Filter>
    </ClCompile>
    <ClCompile Include="libaribb24\b24decoder.c">
      <Filter>libaribb24</Filter>
    </ClCompile>
  </ItemGroup>
  <ItemGroup>
    <ClInclude Include="ATSC_huffman.h">
      <Filter>Header Files</Filter>
    </ClInclude>
    <ClInclude Include="bcdmux.h">
      <Filter>Header Files</Filter>
    </ClInclude>
    <ClInclude Include="CCDecoder.h">
      <Filter>Header Files</Filter>
    </ClInclude>
    <ClInclude Include="CCDecoder_Strings.h">
      <Filter>Header Files</Filter>
    </ClInclude>
    <ClInclude Include="charting.h">
      <Filter>Header Files</Filter>
    </ClInclude>
    <ClInclude Include="CI-CAM.h">
      <Filter>Header Files</Filter>
    </ClInclude>
    <ClInclude Include="config.h">
      <Filter>Header Files</Filter>
    </ClInclude>
    <ClInclude Include="dn_huffman.h">
      <Filter>Header Files</Filter>
    </ClInclude>
    <ClInclude Include="EPGGrid.h">
      <Filter>Header Files</Filter>
    </ClInclude>
    <ClInclude Include="epgschedule.h">
      <Filter>Header Files</Filter>
    </ClInclude>
    <ClInclude Include="formatter.h">
      <Filter>Header Files</Filter>
    </ClInclude>
    <ClInclude Include="forwarder.h">
      <Filter>Header Files</Filter>
    </ClInclude>
    <ClInclude Include="MDInterface.h">
      <Filter>Header Files</Filter>
    </ClInclude>
    <ClInclude Include="MDI\mdi.h">
      <Filter>Header Files</Filter>
    </ClInclude>
    <ClInclude Include="parser.h">
      <Filter>Header Files</Filter>
    </ClInclude>
    <ClInclude Include="reed-solomon.h">
      <Filter>Header Files</Filter>
    </ClInclude>
    <ClInclude Include="sky_genres.h">
      <Filter>Header Files</Filter>
    </ClInclude>
    <ClInclude Include="SoftCSA.h">
      <Filter>Header Files</Filter>
    </ClInclude>
    <ClInclude Include="sources.h">
      <Filter>Header Files</Filter>
    </ClInclude>
    <ClInclude Include="stubs\stb_image.h">
      <Filter>Header Files</Filter>
    </ClInclude>
    <ClInclude Include="stubs\stb_image_resize2.h">
      <Filter>Header Files</Filter>
    </ClInclude>
    <ClInclude Include="stubs\stb_image_write.h">
      <Filter>Header Files</Filter>
    </ClInclude>
    <ClInclude Include="stubs\_ISource.h">
      <Filter>Header Files</Filter>
    </ClInclude>
    <ClInclude Include="tables.h">
      <Filter>Header Files</Filter>
    </ClInclude>
    <ClInclude Include="TSReader.h">
      <Filter>Header Files</Filter>
    </ClInclude>
    <ClInclude Include="util.h">
      <Filter>Header Files</Filter>
    </ClInclude>
    <ClInclude Include="registry_list.h">
      <Filter>Header Files</Filter>
    </ClInclude>
  </ItemGroup>
  <ItemGroup>
    <ResourceCompile Include="TSReader.rc">
      <Filter>Resource Files</Filter>
    </ResourceCompile>
  </ItemGroup>
</Project>